
Microsoft Visual Studio Solution File, Format Version 12.00
# Visual Studio Version 17
VisualStudioVersion = 17.6.33712.159
MinimumVisualStudioVersion = 10.0.40219.1
Project("{FAE04EC0-301F-11D3-BF4B-00C04F79EFBC}") = "Login", "Login\Login.csproj", "{509EA6F2-3DC6-4FF4-84E4-DC425507411C}"
EndProject
Project("{FAE04EC0-301F-11D3-BF4B-00C04F79EFBC}") = "Loginn", "Loginn\Loginn.csproj", "{4972BBBE-4CAE-489E-8C72-B32E7868270F}"
EndProject
Global
	GlobalSection(SolutionConfigurationPlatforms) = preSolution
		Debug|Any CPU = Debug|Any CPU
		Release|Any CPU = Release|Any CPU
	EndGlobalSection
	GlobalSection(ProjectConfigurationPlatforms) = postSolution
		{509EA6F2-3DC6-4FF4-84E4-DC425507411C}.Debug|Any CPU.ActiveCfg = Debug|Any CPU
		{509EA6F2-3DC6-4FF4-84E4-DC425507411C}.Debug|Any CPU.Build.0 = Debug|Any CPU
		{509EA6F2-3DC6-4FF4-84E4-DC425507411C}.Release|Any CPU.ActiveCfg = Release|Any CPU
		{509EA6F2-3DC6-4FF4-84E4-DC425507411C}.Release|Any CPU.Build.0 = Release|Any CPU
		{4972BBBE-4CAE-489E-8C72-B32E7868270F}.Debug|Any CPU.ActiveCfg = Debug|Any CPU
		{4972BBBE-4CAE-489E-8C72-B32E7868270F}.Debug|Any CPU.Build.0 = Debug|Any CPU
		{4972BBBE-4CAE-489E-8C72-B32E7868270F}.Release|Any CPU.ActiveCfg = Release|Any CPU
		{4972BBBE-4CAE-489E-8C72-B32E7868270F}.Release|Any CPU.Build.0 = Release|Any CPU
	EndGlobalSection
	GlobalSection(SolutionProperties) = preSolution
		HideSolutionNode = FALSE
	EndGlobalSection
	GlobalSection(ExtensibilityGlobals) = postSolution
		SolutionGuid = {22C7B473-B977-4FF0-AB74-8A602F8FF0C4}
	EndGlobalSection
EndGlobal
